// !$*UTF8*$!
{
	archiveVersion = 1;
	classes = {
	};
	objectVersion = 56;
	objects = {

/* Begin PBXBuildFile section */
		FA7F423F291CB7BE00C6EA2C /* AppDelegate.swift in Sources */ = {isa = PBXBuildFile; fileRef = FA7F423E291CB7BE00C6EA2C /* AppDelegate.swift */; };
		FA7F4241291CB7BE00C6EA2C /* SceneDelegate.swift in Sources */ = {isa = PBXBuildFile; fileRef = FA7F4240291CB7BE00C6EA2C /* SceneDelegate.swift */; };
		FA7F4243291CB7BE00C6EA2C /* ViewController.swift in Sources */ = {isa = PBXBuildFile; fileRef = FA7F4242291CB7BE00C6EA2C /* ViewController.swift */; };
		FA7F4246291CB7BE00C6EA2C /* Main.storyboard in Resources */ = {isa = PBXBuildFile; fileRef = FA7F4244291CB7BE00C6EA2C /* Main.storyboard */; };
		FA7F4248291CB7C000C6EA2C /* Assets.xcassets in Resources */ = {isa = PBXBuildFile; fileRef = FA7F4247291CB7C000C6EA2C /* Assets.xcassets */; };
		FA7F424B291CB7C000C6EA2C /* LaunchScreen.storyboard in Resources */ = {isa = PBXBuildFile; fileRef = FA7F4249291CB7C000C6EA2C /* LaunchScreen.storyboard */; };
		FA7F4256291CB7C000C6EA2C /* Comp_ColorsTests.swift in Sources */ = {isa = PBXBuildFile; fileRef = FA7F4255291CB7C000C6EA2C /* Comp_ColorsTests.swift */; };
		FA7F4260291CB7C000C6EA2C /* Comp_ColorsUITests.swift in Sources */ = {isa = PBXBuildFile; fileRef = FA7F425F291CB7C000C6EA2C /* Comp_ColorsUITests.swift */; };
		FA7F4262291CB7C000C6EA2C /* Comp_ColorsUITestsLaunchTests.swift in Sources */ = {isa = PBXBuildFile; fileRef = FA7F4261291CB7C000C6EA2C /* Comp_ColorsUITestsLaunchTests.swift */; };
		FA7F4271291CBCF600C6EA2C /* ColorView.swift in Sources */ = {isa = PBXBuildFile; fileRef = FA7F4270291CBCF600C6EA2C /* ColorView.swift */; };
		FA7F4277291CC99300C6EA2C /* ColorData.swift in Sources */ = {isa = PBXBuildFile; fileRef = FA7F4276291CC99300C6EA2C /* ColorData.swift */; };
		FA7F4279291CE2BE00C6EA2C /* OutlinedLabel.swift in Sources */ = {isa = PBXBuildFile; fileRef = FA7F4278291CE2BE00C6EA2C /* OutlinedLabel.swift */; };
/* End PBXBuildFile section */

/* Begin PBXContainerItemProxy section */
		FA7F4252291CB7C000C6EA2C /* PBXContainerItemProxy */ = {
			isa = PBXContainerItemProxy;
			containerPortal = FA7F4233291CB7BE00C6EA2C /* Project object */;
			proxyType = 1;
			remoteGlobalIDString = FA7F423A291CB7BE00C6EA2C;
			remoteInfo = "Comp Colors";
		};
		FA7F425C291CB7C000C6EA2C /* PBXContainerItemProxy */ = {
			isa = PBXContainerItemProxy;
			containerPortal = FA7F4233291CB7BE00C6EA2C /* Project object */;
			proxyType = 1;
			remoteGlobalIDString = FA7F423A291CB7BE00C6EA2C;
			remoteInfo = "Comp Colors";
		};
/* End PBXContainerItemProxy section */

/* Begin PBXFileReference section */
		FA7F423B291CB7BE00C6EA2C /* Comp Colors.app */ = {isa = PBXFileReference; explicitFileType = wrapper.application; includeInIndex = 0; path = "Comp Colors.app"; sourceTree = BUILT_PRODUCTS_DIR; };
		FA7F423E291CB7BE00C6EA2C /* AppDelegate.swift */ = {isa = PBXFileReference; lastKnownFileType = sourcecode.swift; path = AppDelegate.swift; sourceTree = "<group>"; };
		FA7F4240291CB7BE00C6EA2C /* SceneDelegate.swift */ = {isa = PBXFileReference; lastKnownFileType = sourcecode.swift; path = SceneDelegate.swift; sourceTree = "<group>"; };
		FA7F4242291CB7BE00C6EA2C /* ViewController.swift */ = {isa = PBXFileReference; lastKnownFileType = sourcecode.swift; path = ViewController.swift; sourceTree = "<group>"; };
		FA7F4245291CB7BE00C6EA2C /* Base */ = {isa = PBXFileReference; lastKnownFileType = file.storyboard; name = Base; path = Base.lproj/Main.storyboard; sourceTree = "<group>"; };
		FA7F4247291CB7C000C6EA2C /* Assets.xcassets */ = {isa = PBXFileReference; lastKnownFileType = folder.assetcatalog; path = Assets.xcassets; sourceTree = "<group>"; };
		FA7F424A291CB7C000C6EA2C /* Base */ = {isa = PBXFileReference; lastKnownFileType = file.storyboard; name = Base; path = Base.lproj/LaunchScreen.storyboard; sourceTree = "<group>"; };
		FA7F424C291CB7C000C6EA2C /* Info.plist */ = {isa = PBXFileReference; lastKnownFileType = text.plist.xml; path = Info.plist; sourceTree = "<group>"; };
		FA7F4251291CB7C000C6EA2C /* Comp ColorsTests.xctest */ = {isa = PBXFileReference; explicitFileType = wrapper.cfbundle; includeInIndex = 0; path = "Comp ColorsTests.xctest"; sourceTree = BUILT_PRODUCTS_DIR; };
		FA7F4255291CB7C000C6EA2C /* Comp_ColorsTests.swift */ = {isa = PBXFileReference; lastKnownFileType = sourcecode.swift; path = Comp_ColorsTests.swift; sourceTree = "<group>"; };
		FA7F425B291CB7C000C6EA2C /* Comp ColorsUITests.xctest */ = {isa = PBXFileReference; explicitFileType = wrapper.cfbundle; includeInIndex = 0; path = "Comp ColorsUITests.xctest"; sourceTree = BUILT_PRODUCTS_DIR; };
		FA7F425F291CB7C000C6EA2C /* Comp_ColorsUITests.swift */ = {isa = PBXFileReference; lastKnownFileType = sourcecode.swift; path = Comp_ColorsUITests.swift; sourceTree = "<group>"; };
		FA7F4261291CB7C000C6EA2C /* Comp_ColorsUITestsLaunchTests.swift */ = {isa = PBXFileReference; lastKnownFileType = sourcecode.swift; path = Comp_ColorsUITestsLaunchTests.swift; sourceTree = "<group>"; };
		FA7F4270291CBCF600C6EA2C /* ColorView.swift */ = {isa = PBXFileReference; lastKnownFileType = sourcecode.swift; path = ColorView.swift; sourceTree = "<group>"; };
		FA7F4276291CC99300C6EA2C /* ColorData.swift */ = {isa = PBXFileReference; lastKnownFileType = sourcecode.swift; path = ColorData.swift; sourceTree = "<group>"; };
		FA7F4278291CE2BE00C6EA2C /* OutlinedLabel.swift */ = {isa = PBXFileReference; lastKnownFileType = sourcecode.swift; path = OutlinedLabel.swift; sourceTree = "<group>"; };
/* End PBXFileReference section */

/* Begin PBXFrameworksBuildPhase section */
		FA7F4238291CB7BE00C6EA2C /* Frameworks */ = {
			isa = PBXFrameworksBuildPhase;
			buildActionMask = 2147483647;
			files = (
			);
			runOnlyForDeploymentPostprocessing = 0;
		};
		FA7F424E291CB7C000C6EA2C /* Frameworks */ = {
			isa = PBXFrameworksBuildPhase;
			buildActionMask = 2147483647;
			files = (
			);
			runOnlyForDeploymentPostprocessing = 0;
		};
		FA7F4258291CB7C000C6EA2C /* Frameworks */ = {
			isa = PBXFrameworksBuildPhase;
			buildActionMask = 2147483647;
			files = (
			);
			runOnlyForDeploymentPostprocessing = 0;
		};
/* End PBXFrameworksBuildPhase section */

/* Begin PBXGroup section */
		FA7F4232291CB7BE00C6EA2C = {
			isa = PBXGroup;
			children = (
				FA7F423D291CB7BE00C6EA2C /* Comp Colors */,
				FA7F4254291CB7C000C6EA2C /* Comp ColorsTests */,
				FA7F425E291CB7C000C6EA2C /* Comp ColorsUITests */,
				FA7F423C291CB7BE00C6EA2C /* Products */,
			);
			sourceTree = "<group>";
		};
		FA7F423C291CB7BE00C6EA2C /* Products */ = {
			isa = PBXGroup;
			children = (
				FA7F423B291CB7BE00C6EA2C /* Comp Colors.app */,
				FA7F4251291CB7C000C6EA2C /* Comp ColorsTests.xctest */,
				FA7F425B291CB7C000C6EA2C /* Comp ColorsUITests.xctest */,
			);
			name = Products;
			sourceTree = "<group>";
		};
		FA7F423D291CB7BE00C6EA2C /* Comp Colors */ = {
			isa = PBXGroup;
			children = (
				FA7F423E291CB7BE00C6EA2C /* AppDelegate.swift */,
				FA7F4240291CB7BE00C6EA2C /* SceneDelegate.swift */,
				FA7F4276291CC99300C6EA2C /* ColorData.swift */,
				FA7F4242291CB7BE00C6EA2C /* ViewController.swift */,
				FA7F4278291CE2BE00C6EA2C /* OutlinedLabel.swift */,
				FA7F4244291CB7BE00C6EA2C /* Main.storyboard */,
				FA7F4270291CBCF600C6EA2C /* ColorView.swift */,
				FA7F4247291CB7C000C6EA2C /* Assets.xcassets */,
				FA7F4249291CB7C000C6EA2C /* LaunchScreen.storyboard */,
				FA7F424C291CB7C000C6EA2C /* Info.plist */,
			);
			path = "Comp Colors";
			sourceTree = "<group>";
		};
		FA7F4254291CB7C000C6EA2C /* Comp ColorsTests */ = {
			isa = PBXGroup;
			children = (
				FA7F4255291CB7C000C6EA2C /* Comp_ColorsTests.swift */,
			);
			path = "Comp ColorsTests";
			sourceTree = "<group>";
		};
		FA7F425E291CB7C000C6EA2C /* Comp ColorsUITests */ = {
			isa = PBXGroup;
			children = (
				FA7F425F291CB7C000C6EA2C /* Comp_ColorsUITests.swift */,
				FA7F4261291CB7C000C6EA2C /* Comp_ColorsUITestsLaunchTests.swift */,
			);
			path = "Comp ColorsUITests";
			sourceTree = "<group>";
		};
/* End PBXGroup section */

/* Begin PBXNativeTarget section */
		FA7F423A291CB7BE00C6EA2C /* Comp Colors */ = {
			isa = PBXNativeTarget;
			buildConfigurationList = FA7F4265291CB7C000C6EA2C /* Build configuration list for PBXNativeTarget "Comp Colors" */;
			buildPhases = (
				FA7F4237291CB7BE00C6EA2C /* Sources */,
				FA7F4238291CB7BE00C6EA2C /* Frameworks */,
				FA7F4239291CB7BE00C6EA2C /* Resources */,
			);
			buildRules = (
			);
			dependencies = (
			);
			name = "Comp Colors";
			productName = "Comp Colors";
			productReference = FA7F423B291CB7BE00C6EA2C /* Comp Colors.app */;
			productType = "com.apple.product-type.application";
		};
		FA7F4250291CB7C000C6EA2C /* Comp ColorsTests */ = {
			isa = PBXNativeTarget;
			buildConfigurationList = FA7F4268291CB7C000C6EA2C /* Build configuration list for PBXNativeTarget "Comp ColorsTests" */;
			buildPhases = (
				FA7F424D291CB7C000C6EA2C /* Sources */,
				FA7F424E291CB7C000C6EA2C /* Frameworks */,
				FA7F424F291CB7C000C6EA2C /* Resources */,
			);
			buildRules = (
			);
			dependencies = (
				FA7F4253291CB7C000C6EA2C /* PBXTargetDependency */,
			);
			name = "Comp ColorsTests";
			productName = "Comp ColorsTests";
			productReference = FA7F4251291CB7C000C6EA2C /* Comp ColorsTests.xctest */;
			productType = "com.apple.product-type.bundle.unit-test";
		};
		FA7F425A291CB7C000C6EA2C /* Comp ColorsUITests */ = {
			isa = PBXNativeTarget;
			buildConfigurationList = FA7F426B291CB7C000C6EA2C /* Build configuration list for PBXNativeTarget "Comp ColorsUITests" */;
			buildPhases = (
				FA7F4257291CB7C000C6EA2C /* Sources */,
				FA7F4258291CB7C000C6EA2C /* Frameworks */,
				FA7F4259291CB7C000C6EA2C /* Resources */,
			);
			buildRules = (
			);
			dependencies = (
				FA7F425D291CB7C000C6EA2C /* PBXTargetDependency */,
			);
			name = "Comp ColorsUITests";
			productName = "Comp ColorsUITests";
			productReference = FA7F425B291CB7C000C6EA2C /* Comp ColorsUITests.xctest */;
			productType = "com.apple.product-type.bundle.ui-testing";
		};
/* End PBXNativeTarget section */

/* Begin PBXProject section */
		FA7F4233291CB7BE00C6EA2C /* Project object */ = {
			isa = PBXProject;
			attributes = {
				BuildIndependentTargetsInParallel = 1;
				LastSwiftUpdateCheck = 1410;
				LastUpgradeCheck = 1410;
				TargetAttributes = {
					FA7F423A291CB7BE00C6EA2C = {
						CreatedOnToolsVersion = 14.1;
					};
					FA7F4250291CB7C000C6EA2C = {
						CreatedOnToolsVersion = 14.1;
						TestTargetID = FA7F423A291CB7BE00C6EA2C;
					};
					FA7F425A291CB7C000C6EA2C = {
						CreatedOnToolsVersion = 14.1;
						TestTargetID = FA7F423A291CB7BE00C6EA2C;
					};
				};
			};
			buildConfigurationList = FA7F4236291CB7BE00C6EA2C /* Build configuration list for PBXProject "Comp Colors" */;
			compatibilityVersion = "Xcode 14.0";
			developmentRegion = en;
			hasScannedForEncodings = 0;
			knownRegions = (
				en,
				Base,
			);
			mainGroup = FA7F4232291CB7BE00C6EA2C;
			productRefGroup = FA7F423C291CB7BE00C6EA2C /* Products */;
			projectDirPath = "";
			projectRoot = "";
			targets = (
				FA7F423A291CB7BE00C6EA2C /* Comp Colors */,
				FA7F4250291CB7C000C6EA2C /* Comp ColorsTests */,
				FA7F425A291CB7C000C6EA2C /* Comp ColorsUITests */,
			);
		};
/* End PBXProject section */

/* Begin PBXResourcesBuildPhase section */
		FA7F4239291CB7BE00C6EA2C /* Resources */ = {
			isa = PBXResourcesBuildPhase;
			buildActionMask = 2147483647;
			files = (
				FA7F424B291CB7C000C6EA2C /* LaunchScreen.storyboard in Resources */,
				FA7F4248291CB7C000C6EA2C /* Assets.xcassets in Resources */,
				FA7F4246291CB7BE00C6EA2C /* Main.storyboard in Resources */,
			);
			runOnlyForDeploymentPostprocessing = 0;
		};
		FA7F424F291CB7C000C6EA2C /* Resources */ = {
			isa = PBXResourcesBuildPhase;
			buildActionMask = 2147483647;
			files = (
			);
			runOnlyForDeploymentPostprocessing = 0;
		};
		FA7F4259291CB7C000C6EA2C /* Resources */ = {
			isa = PBXResourcesBuildPhase;
			buildActionMask = 2147483647;
			files = (
			);
			runOnlyForDeploymentPostprocessing = 0;
		};
/* End PBXResourcesBuildPhase section */

/* Begin PBXSourcesBuildPhase section */
		FA7F4237291CB7BE00C6EA2C /* Sources */ = {
			isa = PBXSourcesBuildPhase;
			buildActionMask = 2147483647;
			files = (
				FA7F4271291CBCF600C6EA2C /* ColorView.swift in Sources */,
				FA7F4279291CE2BE00C6EA2C /* OutlinedLabel.swift in Sources */,
				FA7F4243291CB7BE00C6EA2C /* ViewController.swift in Sources */,
				FA7F4277291CC99300C6EA2C /* ColorData.swift in Sources */,
				FA7F423F291CB7BE00C6EA2C /* AppDelegate.swift in Sources */,
				FA7F4241291CB7BE00C6EA2C /* SceneDelegate.swift in Sources */,
			);
			runOnlyForDeploymentPostprocessing = 0;
		};
		FA7F424D291CB7C000C6EA2C /* Sources */ = {
			isa = PBXSourcesBuildPhase;
			buildActionMask = 2147483647;
			files = (
				FA7F4256291CB7C000C6EA2C /* Comp_ColorsTests.swift in Sources */,
			);
			runOnlyForDeploymentPostprocessing = 0;
		};
		FA7F4257291CB7C000C6EA2C /* Sources */ = {
			isa = PBXSourcesBuildPhase;
			buildActionMask = 2147483647;
			files = (
				FA7F4260291CB7C000C6EA2C /* Comp_ColorsUITests.swift in Sources */,
				FA7F4262291CB7C000C6EA2C /* Comp_ColorsUITestsLaunchTests.swift in Sources */,
			);
			runOnlyForDeploymentPostprocessing = 0;
		};
/* End PBXSourcesBuildPhase section */

/* Begin PBXTargetDependency section */
		FA7F4253291CB7C000C6EA2C /* PBXTargetDependency */ = {
			isa = PBXTargetDependency;
			target = FA7F423A291CB7BE00C6EA2C /* Comp Colors */;
			targetProxy = FA7F4252291CB7C000C6EA2C /* PBXContainerItemProxy */;
		};
		FA7F425D291CB7C000C6EA2C /* PBXTargetDependency */ = {
			isa = PBXTargetDependency;
			target = FA7F423A291CB7BE00C6EA2C /* Comp Colors */;
			targetProxy = FA7F425C291CB7C000C6EA2C /* PBXContainerItemProxy */;
		};
/* End PBXTargetDependency section */

/* Begin PBXVariantGroup section */
		FA7F4244291CB7BE00C6EA2C /* Main.storyboard */ = {
			isa = PBXVariantGroup;
			children = (
				FA7F4245291CB7BE00C6EA2C /* Base */,
			);
			name = Main.storyboard;
			sourceTree = "<group>";
		};
		FA7F4249291CB7C000C6EA2C /* LaunchScreen.storyboard */ = {
			isa = PBXVariantGroup;
			children = (
				FA7F424A291CB7C000C6EA2C /* Base */,
			);
			name = LaunchScreen.storyboard;
			sourceTree = "<group>";
		};
/* End PBXVariantGroup section */

/* Begin XCBuildConfiguration section */
		FA7F4263291CB7C000C6EA2C /* Debug */ = {
			isa = XCBuildConfiguration;
			buildSettings = {
				ALWAYS_SEARCH_USER_PATHS = NO;
				CLANG_ANALYZER_NONNULL = YES;
				CLANG_ANALYZER_NUMBER_OBJECT_CONVERSION = YES_AGGRESSIVE;
				CLANG_CXX_LANGUAGE_STANDARD = "gnu++20";
				CLANG_ENABLE_MODULES = YES;
				CLANG_ENABLE_OBJC_ARC = YES;
				CLANG_ENABLE_OBJC_WEAK = YES;
				CLANG_WARN_BLOCK_CAPTURE_AUTORELEASING = YES;
				CLANG_WARN_BOOL_CONVERSION = YES;
				CLANG_WARN_COMMA = YES;
				CLANG_WARN_CONSTANT_CONVERSION = YES;
				CLANG_WARN_DEPRECATED_OBJC_IMPLEMENTATIONS = YES;
				CLANG_WARN_DIRECT_OBJC_ISA_USAGE = YES_ERROR;
				CLANG_WARN_DOCUMENTATION_COMMENTS = YES;
				CLANG_WARN_EMPTY_BODY = YES;
				CLANG_WARN_ENUM_CONVERSION = YES;
				CLANG_WARN_INFINITE_RECURSION = YES;
				CLANG_WARN_INT_CONVERSION = YES;
				CLANG_WARN_NON_LITERAL_NULL_CONVERSION = YES;
				CLANG_WARN_OBJC_IMPLICIT_RETAIN_SELF = YES;
				CLANG_WARN_OBJC_LITERAL_CONVERSION = YES;
				CLANG_WARN_OBJC_ROOT_CLASS = YES_ERROR;
				CLANG_WARN_QUOTED_INCLUDE_IN_FRAMEWORK_HEADER = YES;
				CLANG_WARN_RANGE_LOOP_ANALYSIS = YES;
				CLANG_WARN_STRICT_PROTOTYPES = YES;
				CLANG_WARN_SUSPICIOUS_MOVE = YES;
				CLANG_WARN_UNGUARDED_AVAILABILITY = YES_AGGRESSIVE;
				CLANG_WARN_UNREACHABLE_CODE = YES;
				CLANG_WARN__DUPLICATE_METHOD_MATCH = YES;
				COPY_PHASE_STRIP = NO;
				DEBUG_INFORMATION_FORMAT = dwarf;
				ENABLE_STRICT_OBJC_MSGSEND = YES;
				ENABLE_TESTABILITY = YES;
				GCC_C_LANGUAGE_STANDARD = gnu11;
				GCC_DYNAMIC_NO_PIC = NO;
				GCC_NO_COMMON_BLOCKS = YES;
				GCC_OPTIMIZATION_LEVEL = 0;
				GCC_PREPROCESSOR_DEFINITIONS = (
					"DEBUG=1",
					"$(inherited)",
				);
				GCC_WARN_64_TO_32_BIT_CONVERSION = YES;
				GCC_WARN_ABOUT_RETURN_TYPE = YES_ERROR;
				GCC_WARN_UNDECLARED_SELECTOR = YES;
				GCC_WARN_UNINITIALIZED_AUTOS = YES_AGGRESSIVE;
				GCC_WARN_UNUSED_FUNCTION = YES;
				GCC_WARN_UNUSED_VARIABLE = YES;
				IPHONEOS_DEPLOYMENT_TARGET = 16.1;
				MTL_ENABLE_DEBUG_INFO = INCLUDE_SOURCE;
				MTL_FAST_MATH = YES;
				ONLY_ACTIVE_ARCH = YES;
				SDKROOT = iphoneos;
				SWIFT_ACTIVE_COMPILATION_CONDITIONS = DEBUG;
				SWIFT_OPTIMIZATION_LEVEL = "-Onone";
			};
			name = Debug;
		};
		FA7F4264291CB7C000C6EA2C /* Release */ = {
			isa = XCBuildConfiguration;
			buildSettings = {
				ALWAYS_SEARCH_USER_PATHS = NO;
				CLANG_ANALYZER_NONNULL = YES;
				CLANG_ANALYZER_NUMBER_OBJECT_CONVERSION = YES_AGGRESSIVE;
				CLANG_CXX_LANGUAGE_STANDARD = "gnu++20";
				CLANG_ENABLE_MODULES = YES;
				CLANG_ENABLE_OBJC_ARC = YES;
				CLANG_ENABLE_OBJC_WEAK = YES;
				CLANG_WARN_BLOCK_CAPTURE_AUTORELEASING = YES;
				CLANG_WARN_BOOL_CONVERSION = YES;
				CLANG_WARN_COMMA = YES;
				CLANG_WARN_CONSTANT_CONVERSION = YES;
				CLANG_WARN_DEPRECATED_OBJC_IMPLEMENTATIONS = YES;
				CLANG_WARN_DIRECT_OBJC_ISA_USAGE = YES_ERROR;
				CLANG_WARN_DOCUMENTATION_COMMENTS = YES;
				CLANG_WARN_EMPTY_BODY = YES;
				CLANG_WARN_ENUM_CONVERSION = YES;
				CLANG_WARN_INFINITE_RECURSION = YES;
				CLANG_WARN_INT_CONVERSION = YES;
				CLANG_WARN_NON_LITERAL_NULL_CONVERSION = YES;
				CLANG_WARN_OBJC_IMPLICIT_RETAIN_SELF = YES;
				CLANG_WARN_OBJC_LITERAL_CONVERSION = YES;
				CLANG_WARN_OBJC_ROOT_CLASS = YES_ERROR;
				CLANG_WARN_QUOTED_INCLUDE_IN_FRAMEWORK_HEADER = YES;
				CLANG_WARN_RANGE_LOOP_ANALYSIS = YES;
				CLANG_WARN_STRICT_PROTOTYPES = YES;
				CLANG_WARN_SUSPICIOUS_MOVE = YES;
				CLANG_WARN_UNGUARDED_AVAILABILITY = YES_AGGRESSIVE;
				CLANG_WARN_UNREACHABLE_CODE = YES;
				CLANG_WARN__DUPLICATE_METHOD_MATCH = YES;
				COPY_PHASE_STRIP = NO;
				DEBUG_INFORMATION_FORMAT = "dwarf-with-dsym";
				ENABLE_NS_ASSERTIONS = NO;
				ENABLE_STRICT_OBJC_MSGSEND = YES;
				GCC_C_LANGUAGE_STANDARD = gnu11;
				GCC_NO_COMMON_BLOCKS = YES;
				GCC_WARN_64_TO_32_BIT_CONVERSION = YES;
				GCC_WARN_ABOUT_RETURN_TYPE = YES_ERROR;
				GCC_WARN_UNDECLARED_SELECTOR = YES;
				GCC_WARN_UNINITIALIZED_AUTOS = YES_AGGRESSIVE;
				GCC_WARN_UNUSED_FUNCTION = YES;
				GCC_WARN_UNUSED_VARIABLE = YES;
				IPHONEOS_DEPLOYMENT_TARGET = 16.1;
				MTL_ENABLE_DEBUG_INFO = NO;
				MTL_FAST_MATH = YES;
				SDKROOT = iphoneos;
				SWIFT_COMPILATION_MODE = wholemodule;
				SWIFT_OPTIMIZATION_LEVEL = "-O";
				VALIDATE_PRODUCT = YES;
			};
			name = Release;
		};
		FA7F4266291CB7C000C6EA2C /* Debug */ = {
			isa = XCBuildConfiguration;
			buildSettings = {
				ASSETCATALOG_COMPILER_APPICON_NAME = AppIcon;
				ASSETCATALOG_COMPILER_GLOBAL_ACCENT_COLOR_NAME = AccentColor;
				CODE_SIGN_STYLE = Automatic;
				CURRENT_PROJECT_VERSION = 1;
				DEVELOPMENT_TEAM = TX4WW8TVSW;
				GENERATE_INFOPLIST_FILE = YES;
				INFOPLIST_FILE = "Comp Colors/Info.plist";
				INFOPLIST_KEY_UIApplicationSupportsIndirectInputEvents = YES;
				INFOPLIST_KEY_UILaunchStoryboardName = LaunchScreen;
				INFOPLIST_KEY_UIMainStoryboardFile = Main;
				INFOPLIST_KEY_UISupportedInterfaceOrientations_iPad = "UIInterfaceOrientationPortrait UIInterfaceOrientationPortraitUpsideDown UIInterfaceOrientationLandscapeLeft UIInterfaceOrientationLandscapeRight";
				INFOPLIST_KEY_UISupportedInterfaceOrientations_iPhone = "UIInterfaceOrientationPortrait UIInterfaceOrientationLandscapeLeft UIInterfaceOrientationLandscapeRight";
				LD_RUNPATH_SEARCH_PATHS = (
					"$(inherited)",
					"@executable_path/Frameworks",
				);
				MARKETING_VERSION = 1.0;
				PRODUCT_BUNDLE_IDENTIFIER = "com.emcassi.Comp-Colors";
				PRODUCT_NAME = "$(TARGET_NAME)";
				SWIFT_EMIT_LOC_STRINGS = YES;
				SWIFT_VERSION = 5.0;
				TARGETED_DEVICE_FAMILY = "1,2";
			};
			name = Debug;
		};
		FA7F4267291CB7C000C6EA2C /* Release */ = {
			isa = XCBuildConfiguration;
			buildSettings = {
				ASSETCATALOG_COMPILER_APPICON_NAME = AppIcon;
				ASSETCATALOG_COMPILER_GLOBAL_ACCENT_COLOR_NAME = AccentColor;
				CODE_SIGN_STYLE = Automatic;
				CURRENT_PROJECT_VERSION = 1;
				DEVELOPMENT_TEAM = TX4WW8TVSW;
				GENERATE_INFOPLIST_FILE = YES;
				INFOPLIST_FILE = "Comp Colors/Info.plist";
				INFOPLIST_KEY_UIApplicationSupportsIndirectInputEvents = YES;
				INFOPLIST_KEY_UILaunchStoryboardName = LaunchScreen;
				INFOPLIST_KEY_UIMainStoryboardFile = Main;
				INFOPLIST_KEY_UISupportedInterfaceOrientations_iPad = "UIInterfaceOrientationPortrait UIInterfaceOrientationPortraitUpsideDown UIInterfaceOrientationLandscapeLeft UIInterfaceOrientationLandscapeRight";
				INFOPLIST_KEY_UISupportedInterfaceOrientations_iPhone = "UIInterfaceOrientationPortrait UIInterfaceOrientationLandscapeLeft UIInterfaceOrientationLandscapeRight";
				LD_RUNPATH_SEARCH_PATHS = (
					"$(inherited)",
					"@executable_path/Frameworks",
				);
				MARKETING_VERSION = 1.0;
				PRODUCT_BUNDLE_IDENTIFIER = "com.emcassi.Comp-Colors";
				PRODUCT_NAME = "$(TARGET_NAME)";
				SWIFT_EMIT_LOC_STRINGS = YES;
				SWIFT_VERSION = 5.0;
				TARGETED_DEVICE_FAMILY = "1,2";
			};
			name = Release;
		};
		FA7F4269291CB7C000C6EA2C /* Debug */ = {
			isa = XCBuildConfiguration;
			buildSettings = {
				ALWAYS_EMBED_SWIFT_STANDARD_LIBRARIES = YES;
				BUNDLE_LOADER = "$(TEST_HOST)";
				CODE_SIGN_STYLE = Automatic;
				CURRENT_PROJECT_VERSION = 1;
				DEVELOPMENT_TEAM = TX4WW8TVSW;
				GENERATE_INFOPLIST_FILE = YES;
				IPHONEOS_DEPLOYMENT_TARGET = 16.1;
				MARKETING_VERSION = 1.0;
				PRODUCT_BUNDLE_IDENTIFIER = "com.emcassi.Comp-ColorsTests";
				PRODUCT_NAME = "$(TARGET_NAME)";
				SWIFT_EMIT_LOC_STRINGS = NO;
				SWIFT_VERSION = 5.0;
				TARGETED_DEVICE_FAMILY = "1,2";
				TEST_HOST = "$(BUILT_PRODUCTS_DIR)/Comp Colors.app/$(BUNDLE_EXECUTABLE_FOLDER_PATH)/Comp Colors";
			};
			name = Debug;
		};
		FA7F426A291CB7C000C6EA2C /* Release */ = {
			isa = XCBuildConfiguration;
			buildSettings = {
				ALWAYS_EMBED_SWIFT_STANDARD_LIBRARIES = YES;
				BUNDLE_LOADER = "$(TEST_HOST)";
				CODE_SIGN_STYLE = Automatic;
				CURRENT_PROJECT_VERSION = 1;
				DEVELOPMENT_TEAM = TX4WW8TVSW;
				GENERATE_INFOPLIST_FILE = YES;
				IPHONEOS_DEPLOYMENT_TARGET = 16.1;
				MARKETING_VERSION = 1.0;
				PRODUCT_BUNDLE_IDENTIFIER = "com.emcassi.Comp-ColorsTests";
				PRODUCT_NAME = "$(TARGET_NAME)";
				SWIFT_EMIT_LOC_STRINGS = NO;
				SWIFT_VERSION = 5.0;
				TARGETED_DEVICE_FAMILY = "1,2";
				TEST_HOST = "$(BUILT_PRODUCTS_DIR)/Comp Colors.app/$(BUNDLE_EXECUTABLE_FOLDER_PATH)/Comp Colors";
			};
			name = Release;
		};
		FA7F426C291CB7C000C6EA2C /* Debug */ = {
			isa = XCBuildConfiguration;
			buildSettings = {
				ALWAYS_EMBED_SWIFT_STANDARD_LIBRARIES = YES;
				CODE_SIGN_STYLE = Automatic;
				CURRENT_PROJECT_VERSION = 1;
				DEVELOPMENT_TEAM = TX4WW8TVSW;
				GENERATE_INFOPLIST_FILE = YES;
				MARKETING_VERSION = 1.0;
				PRODUCT_BUNDLE_IDENTIFIER = "com.emcassi.Comp-ColorsUITests";
				PRODUCT_NAME = "$(TARGET_NAME)";
				SWIFT_EMIT_LOC_STRINGS = NO;
				SWIFT_VERSION = 5.0;
				TARGETED_DEVICE_FAMILY = "1,2";
				TEST_TARGET_NAME = "Comp Colors";
			};
			name = Debug;
		};
		FA7F426D291CB7C000C6EA2C /* Release */ = {
			isa = XCBuildConfiguration;
			buildSettings = {
				ALWAYS_EMBED_SWIFT_STANDARD_LIBRARIES = YES;
				CODE_SIGN_STYLE = Automatic;
				CURRENT_PROJECT_VERSION = 1;
				DEVELOPMENT_TEAM = TX4WW8TVSW;
				GENERATE_INFOPLIST_FILE = YES;
				MARKETING_VERSION = 1.0;
				PRODUCT_BUNDLE_IDENTIFIER = "com.emcassi.Comp-ColorsUITests";
				PRODUCT_NAME = "$(TARGET_NAME)";
				SWIFT_EMIT_LOC_STRINGS = NO;
				SWIFT_VERSION = 5.0;
				TARGETED_DEVICE_FAMILY = "1,2";
				TEST_TARGET_NAME = "Comp Colors";
			};
			name = Release;
		};
/* End XCBuildConfiguration section */

/* Begin XCConfigurationList section */
		FA7F4236291CB7BE00C6EA2C /* Build configuration list for PBXProject "Comp Colors" */ = {
			isa = XCConfigurationList;
			buildConfigurations = (
				FA7F4263291CB7C000C6EA2C /* Debug */,
				FA7F4264291CB7C000C6EA2C /* Release */,
			);
			defaultConfigurationIsVisible = 0;
			defaultConfigurationName = Release;
		};
		FA7F4265291CB7C000C6EA2C /* Build configuration list for PBXNativeTarget "Comp Colors" */ = {
			isa = XCConfigurationList;
			buildConfigurations = (
				FA7F4266291CB7C000C6EA2C /* Debug */,
				FA7F4267291CB7C000C6EA2C /* Release */,
			);
			defaultConfigurationIsVisible = 0;
			defaultConfigurationName = Release;
		};
		FA7F4268291CB7C000C6EA2C /* Build configuration list for PBXNativeTarget "Comp ColorsTests" */ = {
			isa = XCConfigurationList;
			buildConfigurations = (
				FA7F4269291CB7C000C6EA2C /* Debug */,
				FA7F426A291CB7C000C6EA2C /* Release */,
			);
			defaultConfigurationIsVisible = 0;
			defaultConfigurationName = Release;
		};
		FA7F426B291CB7C000C6EA2C /* Build configuration list for PBXNativeTarget "Comp ColorsUITests" */ = {
			isa = XCConfigurationList;
			buildConfigurations = (
				FA7F426C291CB7C000C6EA2C /* Debug */,
				FA7F426D291CB7C000C6EA2C /* Release */,
			);
			defaultConfigurationIsVisible = 0;
			defaultConfigurationName = Release;
		};
/* End XCConfigurationList section */
	};
	rootObject = FA7F4233291CB7BE00C6EA2C /* Project object */;
}
